{
  "name": "msdevshow-docpad",
  "version": "1.0.0",
  "dependencies": {
    "taskgroup": {
      "version": "3.2.4",
      "from": "taskgroup@~3.2.4",
      "dependencies": {
        "ambi": {
          "version": "2.1.5",
          "from": "ambi@~2.1.5",
          "dependencies": {
            "typechecker": {
              "version": "2.0.7",
              "from": "typechecker@~2.0.7"
            }
          }
        }
      }
    },
    "safefs": {
      "version": "3.0.3",
      "from": "safefs@~3.0.3"
    },
    "coffee-script": {
      "version": "1.6.3",
      "from": "coffee-script@~1.6.3"
    },
    "cheerio": {
      "version": "0.12.3",
      "from": "cheerio@~0.12.3",
      "dependencies": {
        "cheerio-select": {
          "version": "0.0.3",
          "from": "cheerio-select@*",
          "dependencies": {
            "CSSselect": {
              "version": "0.3.11",
              "from": "CSSselect@0.x",
              "dependencies": {
                "CSSwhat": {
                  "version": "0.4.1",
                  "from": "CSSwhat@0.4"
                },
                "domutils": {
                  "version": "1.2.1",
                  "from": "domutils@1.2",
                  "dependencies": {
                    "domelementtype": {
                      "version": "1.1.1",
                      "from": "domelementtype@1"
                    }
                  }
                }
              }
            }
          }
        },
        "htmlparser2": {
          "version": "3.1.4",
          "from": "htmlparser2@3.1.4",
          "dependencies": {
            "domhandler": {
              "version": "2.0.3",
              "from": "domhandler@2.0"
            },
            "domutils": {
              "version": "1.1.6",
              "from": "domutils@1.1"
            },
            "domelementtype": {
              "version": "1.1.1",
              "from": "domelementtype@1"
            },
            "readable-stream": {
              "version": "1.0.17",
              "from": "readable-stream@1.0"
            }
          }
        },
        "underscore": {
          "version": "1.4.4",
          "from": "underscore@~1.4"
        },
        "entities": {
          "version": "0.3.0",
          "from": "entities@0.x"
        }
      }
    },
    "moment": {
      "version": "2.4.0",
      "from": "moment@~2.4.0",
      "resolved": "https://registry.npmjs.org/moment/-/moment-2.4.0.tgz"
    },
    "docpad": {
      "version": "6.54.2",
      "from": "docpad@~6.54.2",
      "dependencies": {
        "ambi": {
          "version": "2.1.5",
          "from": "ambi@~2.1.1"
        },
        "backbone": {
          "version": "1.1.0",
          "from": "backbone@1.1.0",
          "dependencies": {
            "underscore": {
              "version": "1.5.2",
              "from": "underscore@>=1.4.3"
            }
          }
        },
        "bal-util": {
          "version": "2.3.1",
          "from": "bal-util@~2.3.1"
        },
        "caterpillar": {
          "version": "2.0.6",
          "from": "caterpillar@~2.0.6",
          "dependencies": {
            "readable-stream": {
              "version": "1.1.9",
              "from": "readable-stream@~1.1.9",
              "dependencies": {
                "core-util-is": {
                  "version": "1.0.0",
                  "from": "core-util-is@~1.0.0"
                },
                "debuglog": {
                  "version": "0.0.2",
                  "from": "debuglog@0.0.2"
                }
              }
            }
          }
        },
        "caterpillar-filter": {
          "version": "2.0.3",
          "from": "caterpillar-filter@~2.0.3"
        },
        "caterpillar-human": {
          "version": "2.1.1",
          "from": "caterpillar-human@~2.1.1",
          "dependencies": {
            "ansicolors": {
              "version": "0.2.1",
              "from": "ansicolors@~0.2.1"
            },
            "ansistyles": {
              "version": "0.1.1",
              "from": "ansistyles@~0.1.1"
            }
          }
        },
        "commander": {
          "version": "2.0.0",
          "from": "commander@~2.0.0"
        },
        "cson": {
          "version": "1.4.5",
          "from": "cson@~1.4.4",
          "dependencies": {
            "js2coffee": {
              "version": "0.2.3",
              "from": "js2coffee@~0.2.3",
              "dependencies": {
                "underscore": {
                  "version": "1.5.2",
                  "from": "underscore@~1.5.1"
                },
                "file": {
                  "version": "0.2.1",
                  "from": "file@~0.2.1"
                },
                "nopt": {
                  "version": "2.1.2",
                  "from": "nopt@~2.1.1",
                  "dependencies": {
                    "abbrev": {
                      "version": "1.0.4",
                      "from": "abbrev@1"
                    }
                  }
                }
              }
            },
            "requirefresh": {
              "version": "1.1.2",
              "from": "requirefresh@~1.1.2"
            }
          }
        },
        "eachr": {
          "version": "2.0.2",
          "from": "eachr@~2.0.2"
        },
        "envfile": {
          "version": "1.0.0",
          "from": "envfile@~1.0.0"
        },
        "event-emitter-grouped": {
          "version": "2.3.1",
          "from": "event-emitter-grouped@~2.3.0"
        },
        "express": {
          "version": "3.4.4",
          "from": "express@~3.4.0",
          "dependencies": {
            "connect": {
              "version": "2.11.0",
              "from": "connect@2.11.0",
              "dependencies": {
                "qs": {
                  "version": "0.6.5",
                  "from": "qs@0.6.5"
                },
                "bytes": {
                  "version": "0.2.1",
                  "from": "bytes@0.2.1"
                },
                "pause": {
                  "version": "0.0.1",
                  "from": "pause@0.0.1"
                },
                "uid2": {
                  "version": "0.0.3",
                  "from": "uid2@0.0.3"
                },
                "methods": {
                  "version": "0.0.1",
                  "from": "methods@0.0.1"
                },
                "raw-body": {
                  "version": "0.0.3",
                  "from": "raw-body@0.0.3"
                },
                "negotiator": {
                  "version": "0.3.0",
                  "from": "negotiator@0.3.0"
                },
                "multiparty": {
                  "version": "2.2.0",
                  "from": "multiparty@2.2.0",
                  "dependencies": {
                    "readable-stream": {
                      "version": "1.1.9",
                      "from": "readable-stream@~1.1.9",
                      "dependencies": {
                        "core-util-is": {
                          "version": "1.0.0",
                          "from": "core-util-is@~1.0.0"
                        },
                        "debuglog": {
                          "version": "0.0.2",
                          "from": "debuglog@0.0.2"
                        }
                      }
                    },
                    "stream-counter": {
                      "version": "0.2.0",
                      "from": "stream-counter@~0.2.0"
                    }
                  }
                }
              }
            },
            "commander": {
              "version": "1.3.2",
              "from": "commander@1.3.2",
              "dependencies": {
                "keypress": {
                  "version": "0.1.0",
                  "from": "keypress@0.1.x"
                }
              }
            },
            "range-parser": {
              "version": "0.0.4",
              "from": "range-parser@0.0.4"
            },
            "mkdirp": {
              "version": "0.3.5",
              "from": "mkdirp@0.3.5"
            },
            "cookie": {
              "version": "0.1.0",
              "from": "cookie@0.1.0"
            },
            "buffer-crc32": {
              "version": "0.2.1",
              "from": "buffer-crc32@0.2.1"
            },
            "fresh": {
              "version": "0.2.0",
              "from": "fresh@0.2.0"
            },
            "methods": {
              "version": "0.1.0",
              "from": "methods@0.1.0"
            },
            "send": {
              "version": "0.1.4",
              "from": "send@0.1.4"
            },
            "cookie-signature": {
              "version": "1.0.1",
              "from": "cookie-signature@1.0.1"
            },
            "debug": {
              "version": "0.7.3",
              "from": "debug@*"
            }
          }
        },
        "extendr": {
          "version": "2.1.0",
          "from": "extendr@~2.1.0"
        },
        "extract-opts": {
          "version": "2.2.0",
          "from": "extract-opts@~2.2.0"
        },
        "getmac": {
          "version": "1.0.6",
          "from": "getmac@~1.0.5"
        },
        "jschardet": {
          "version": "1.1.0",
          "from": "jschardet@~1.1.0"
        },
        "encoding": {
          "version": "0.1.7",
          "from": "encoding@~0.1.6",
          "dependencies": {
            "iconv-lite": {
              "version": "0.2.11",
              "from": "iconv-lite@~0.2.11"
            }
          }
        },
        "lazy-require": {
          "version": "1.0.0",
          "from": "lazy-require@~1.0.0"
        },
        "lodash": {
          "version": "2.2.1",
          "from": "lodash@~2.2.0"
        },
        "mime": {
          "version": "1.2.11",
          "from": "mime@~1.2.9"
        },
        "progressbar": {
          "version": "1.0.2",
          "from": "progressbar@~1.0.1",
          "dependencies": {
            "progress": {
              "version": "0.1.0",
              "from": "progress@0.1.0"
            }
          }
        },
        "query-engine": {
          "version": "1.5.3",
          "from": "query-engine@~1.5.2"
        },
        "safeps": {
          "version": "2.2.8",
          "from": "safeps@~2.2.8"
        },
        "semver": {
          "version": "2.2.1",
          "from": "semver@~2.2.0"
        },
        "superagent": {
          "version": "0.15.7",
          "from": "superagent@~0.15.4",
          "dependencies": {
            "qs": {
              "version": "0.6.5",
              "from": "qs@0.6.5"
            },
            "formidable": {
              "version": "1.0.14",
              "from": "formidable@1.0.14"
            },
            "mime": {
              "version": "1.2.5",
              "from": "mime@1.2.5"
            },
            "emitter-component": {
              "version": "1.0.0",
              "from": "emitter-component@1.0.0"
            },
            "methods": {
              "version": "0.0.1",
              "from": "methods@0.0.1"
            },
            "cookiejar": {
              "version": "1.3.0",
              "from": "cookiejar@1.3.0"
            },
            "debug": {
              "version": "0.7.3",
              "from": "debug@*"
            },
            "reduce-component": {
              "version": "1.0.1",
              "from": "reduce-component@1.0.1"
            }
          }
        },
        "typechecker": {
          "version": "2.0.7",
          "from": "typechecker@~2.0.1"
        },
        "watchr": {
          "version": "2.4.4",
          "from": "watchr@~2.4.4"
        },
        "yamljs": {
          "version": "0.1.4",
          "from": "yamljs@~0.1.4",
          "dependencies": {
            "argparse": {
              "version": "0.1.15",
              "from": "argparse@~0.1.4",
              "dependencies": {
                "underscore": {
                  "version": "1.4.4",
                  "from": "underscore@~1.4.3"
                },
                "underscore.string": {
                  "version": "2.3.3",
                  "from": "underscore.string@~2.3.1"
                }
              }
            },
            "glob": {
              "version": "3.1.21",
              "from": "glob@~3.1.11",
              "dependencies": {
                "minimatch": {
                  "version": "0.2.12",
                  "from": "minimatch@~0.2.11",
                  "dependencies": {
                    "lru-cache": {
                      "version": "2.3.1",
                      "from": "lru-cache@2"
                    },
                    "sigmund": {
                      "version": "1.0.0",
                      "from": "sigmund@~1.0.0"
                    }
                  }
                },
                "graceful-fs": {
                  "version": "1.2.3",
                  "from": "graceful-fs@~1.2.0"
                },
                "inherits": {
                  "version": "1.0.0",
                  "from": "inherits@1"
                }
              }
            }
          }
        },
        "promptly": {
          "version": "0.2.0",
          "from": "promptly@~0.2.0",
          "dependencies": {
            "read": {
              "version": "1.0.5",
              "from": "read@~1.0.4",
              "dependencies": {
                "mute-stream": {
                  "version": "0.0.4",
                  "from": "mute-stream@~0.0.4"
                }
              }
            }
          }
        }
      }
    },
    "docpad-plugin-marked": {
      "version": "2.1.1",
      "from": "docpad-plugin-marked@~2.1.1",
      "dependencies": {
        "marked": {
          "version": "0.2.9",
          "from": "marked@~0.2.8"
        }
      }
    },
    "docpad-plugin-eco": {
      "version": "2.0.2",
      "from": "docpad-plugin-eco@~2.0.2",
      "dependencies": {
        "eco": {
          "version": "1.1.0-rc-3",
          "from": "eco@~1.1.0",
          "dependencies": {
            "strscan": {
              "version": "1.0.1",
              "from": "strscan@>=1.0.1"
            }
          }
        }
      }
    },
    "docpad-plugin-less": {
      "version": "2.2.0",
      "from": "docpad-plugin-less@~2.2.0",
      "dependencies": {
        "less": {
          "version": "1.4.2",
          "from": "less@~1.4.2",
          "dependencies": {
            "mime": {
              "version": "1.2.11",
              "from": "mime@1.2.x"
            },
            "request": {
              "version": "2.27.0",
              "from": "request@>=2.12.0",
              "dependencies": {
                "qs": {
                  "version": "0.6.5",
                  "from": "qs@~0.6.0"
                },
                "json-stringify-safe": {
                  "version": "5.0.0",
                  "from": "json-stringify-safe@~5.0.0"
                },
                "forever-agent": {
                  "version": "0.5.0",
                  "from": "forever-agent@~0.5.0"
                },
                "tunnel-agent": {
                  "version": "0.3.0",
                  "from": "tunnel-agent@~0.3.0"
                },
                "http-signature": {
                  "version": "0.10.0",
                  "from": "http-signature@~0.10.0",
                  "dependencies": {
                    "assert-plus": {
                      "version": "0.1.2",
                      "from": "assert-plus@0.1.2"
                    },
                    "asn1": {
                      "version": "0.1.11",
                      "from": "asn1@0.1.11"
                    },
                    "ctype": {
                      "version": "0.5.2",
                      "from": "ctype@0.5.2"
                    }
                  }
                },
                "hawk": {
                  "version": "1.0.0",
                  "from": "hawk@~1.0.0",
                  "dependencies": {
                    "hoek": {
                      "version": "0.9.1",
                      "from": "hoek@0.9.x"
                    },
                    "boom": {
                      "version": "0.4.2",
                      "from": "boom@0.4.x"
                    },
                    "cryptiles": {
                      "version": "0.2.2",
                      "from": "cryptiles@0.2.x"
                    },
                    "sntp": {
                      "version": "0.2.4",
                      "from": "sntp@0.2.x"
                    }
                  }
                },
                "aws-sign": {
                  "version": "0.3.0",
                  "from": "aws-sign@~0.3.0"
                },
                "oauth-sign": {
                  "version": "0.3.0",
                  "from": "oauth-sign@~0.3.0"
                },
                "cookie-jar": {
                  "version": "0.3.0",
                  "from": "cookie-jar@~0.3.0"
                },
                "node-uuid": {
                  "version": "1.4.1",
                  "from": "node-uuid@~1.4.0"
                },
                "form-data": {
                  "version": "0.1.2",
                  "from": "form-data@~0.1.0",
                  "dependencies": {
                    "combined-stream": {
                      "version": "0.0.4",
                      "from": "combined-stream@~0.0.4",
                      "dependencies": {
                        "delayed-stream": {
                          "version": "0.0.5",
                          "from": "delayed-stream@0.0.5"
                        }
                      }
                    },
                    "async": {
                      "version": "0.2.9",
                      "from": "async@~0.2.9"
                    }
                  }
                }
              }
            },
            "mkdirp": {
              "version": "0.3.5",
              "from": "mkdirp@~0.3.4"
            },
            "ycssmin": {
              "version": "1.0.1",
              "from": "ycssmin@>=1.0.1"
            }
          }
        }
      }
    },
    "docpad-plugin-partials": {
      "version": "2.8.0",
      "from": "docpad-plugin-partials@~2.8.0",
      "dependencies": {
        "extendr": {
          "version": "2.1.0",
          "from": "extendr@~2.1.0",
          "dependencies": {
            "typechecker": {
              "version": "2.0.7",
              "from": "typechecker@~2.0.1"
            }
          }
        }
      }
    },
    "docpad-plugin-coffeescript": {
      "version": "2.2.2",
      "from": "docpad-plugin-coffeescript@~2.2.2"
    },
    "docpad-plugin-sitemap": {
      "version": "2.0.1",
      "from": "docpad-plugin-sitemap@~2.0.1",
      "dependencies": {
        "extendr": {
          "version": "2.1.0",
          "from": "extendr@~2.1.0",
          "dependencies": {
            "typechecker": {
              "version": "2.0.7",
              "from": "typechecker@~2.0.1"
            }
          }
        },
        "sitemap": {
          "version": "0.6.0",
          "from": "sitemap@~0.6.0"
        }
      }
    },
    "docpad-plugin-dateurls": {
      "version": "2.3.0",
      "from": "https://github.com/ervwalter/docpad-plugin-dateurls/tarball/compiled",
      "resolved": "https://github.com/ervwalter/docpad-plugin-dateurls/tarball/compiled"
    },
    "docpad-plugin-cleanurls": {
      "version": "2.5.1",
      "from": "https://github.com/ervwalter/docpad-plugin-cleanurls/tarball/compiled",
      "resolved": "https://github.com/ervwalter/docpad-plugin-cleanurls/tarball/compiled"
    },
    "docpad-plugin-paged": {
      "version": "2.2.2",
      "from": "https://github.com/ervwalter/docpad-plugin-paged/tarball/compiled",
      "resolved": "https://github.com/ervwalter/docpad-plugin-paged/tarball/compiled",
      "dependencies": {
        "taskgroup": {
          "version": "3.1.2",
          "from": "taskgroup@~3.1.1",
          "dependencies": {
            "ambi": {
              "version": "2.0.0",
              "from": "ambi@~2.0.0",
              "dependencies": {
                "typechecker": {
                  "version": "2.0.7",
                  "from": "typechecker@~2.0.1"
                }
              }
            },
            "eventemitter2": {
              "version": "0.4.13",
              "from": "eventemitter2@~0.4.11"
            }
          }
        }
      }
    },
    "docpad-plugin-tagging": {
      "version": "2.0.1",
      "from": "https://github.com/ervwalter/docpad-plugin-tagging/tarball/compiled",
      "resolved": "https://github.com/ervwalter/docpad-plugin-tagging/tarball/compiled",
      "dependencies": {
        "lodash": {
          "version": "1.0.1",
          "from": "lodash@~1.0.1"
        },
        "bal-util": {
          "version": "1.16.13",
          "from": "bal-util@~1.16.10"
        }
      }
    }
  }
}
